{
  "version": 4,
  "terraform_version": "1.2.8",
  "serial": 8,
  "lineage": "8445b9ba-2a03-fdd5-b100-6eed36d79e02",
  "outputs": {},
  "resources": [
    {
      "mode": "data",
      "type": "archive_file",
      "name": "source",
      "provider": "provider[\"registry.terraform.io/hashicorp/archive\"]",
      "instances": [
        {
          "schema_version": 0,
          "attributes": {
            "excludes": null,
            "id": "2029f0f94d9580c96e4a93177a65b463f8a9613c",
            "output_base64sha256": "5UPaqmXzTVOKSerS3KuiItFZvEZX17z/LC7i62KRHIw=",
            "output_file_mode": null,
            "output_md5": "3ca8c1440f08750752da4a5e2c2cae33",
            "output_path": "/tmp/function.zip",
            "output_sha": "2029f0f94d9580c96e4a93177a65b463f8a9613c",
            "output_size": 840,
            "source": [],
            "source_content": null,
            "source_content_filename": null,
            "source_dir": "../src",
            "source_file": null,
            "type": "zip"
          },
          "sensitive_attributes": []
        }
      ]
    },
    {
      "mode": "managed",
      "type": "google_storage_bucket",
      "name": "function_bucket",
      "provider": "provider[\"registry.terraform.io/hashicorp/google\"]",
      "instances": [
        {
          "schema_version": 0,
          "attributes": {
            "cors": [],
            "default_event_based_hold": false,
            "encryption": [],
            "force_destroy": false,
            "id": "poc-a3data-365118-function",
            "labels": null,
            "lifecycle_rule": [],
            "location": "EUROPE-WEST1",
            "logging": [],
            "name": "poc-a3data-365118-function",
            "project": "poc-a3data-365118",
            "requester_pays": false,
            "retention_policy": [],
            "self_link": "https://www.googleapis.com/storage/v1/b/poc-a3data-365118-function",
            "storage_class": "STANDARD",
            "timeouts": null,
            "uniform_bucket_level_access": false,
            "url": "gs://poc-a3data-365118-function",
            "versioning": [],
            "website": []
          },
          "sensitive_attributes": [],
          "private": "eyJlMmJmYjczMC1lY2FhLTExZTYtOGY4OC0zNDM2M2JjN2M0YzAiOnsiY3JlYXRlIjoyNDAwMDAwMDAwMDAsInJlYWQiOjI0MDAwMDAwMDAwMCwidXBkYXRlIjoyNDAwMDAwMDAwMDB9fQ=="
        }
      ]
    },
    {
      "mode": "managed",
      "type": "google_storage_bucket",
      "name": "input_bucket",
      "provider": "provider[\"registry.terraform.io/hashicorp/google\"]",
      "instances": [
        {
          "schema_version": 0,
          "attributes": {
            "cors": [],
            "default_event_based_hold": false,
            "encryption": [],
            "force_destroy": false,
            "id": "poc-a3data-365118-input",
            "labels": null,
            "lifecycle_rule": [],
            "location": "EUROPE-WEST1",
            "logging": [],
            "name": "poc-a3data-365118-input",
            "project": "poc-a3data-365118",
            "requester_pays": false,
            "retention_policy": [],
            "self_link": "https://www.googleapis.com/storage/v1/b/poc-a3data-365118-input",
            "storage_class": "STANDARD",
            "timeouts": null,
            "uniform_bucket_level_access": false,
            "url": "gs://poc-a3data-365118-input",
            "versioning": [],
            "website": []
          },
          "sensitive_attributes": [],
          "private": "eyJlMmJmYjczMC1lY2FhLTExZTYtOGY4OC0zNDM2M2JjN2M0YzAiOnsiY3JlYXRlIjoyNDAwMDAwMDAwMDAsInJlYWQiOjI0MDAwMDAwMDAwMCwidXBkYXRlIjoyNDAwMDAwMDAwMDB9fQ=="
        }
      ]
    },
    {
      "mode": "managed",
      "type": "google_storage_bucket_object",
      "name": "zip",
      "provider": "provider[\"registry.terraform.io/hashicorp/google\"]",
      "instances": [
        {
          "schema_version": 0,
          "attributes": {
            "bucket": "poc-a3data-365118-function",
            "cache_control": "",
            "content": null,
            "content_disposition": "",
            "content_encoding": "",
            "content_language": "",
            "content_type": "application/zip",
            "crc32c": "pv6dqQ==",
            "customer_encryption": [],
            "detect_md5hash": "PKjBRA8IdQdS2kpeLCyuMw==",
            "event_based_hold": false,
            "id": "poc-a3data-365118-function-src-3ca8c1440f08750752da4a5e2c2cae33.zip",
            "kms_key_name": "",
            "md5hash": "PKjBRA8IdQdS2kpeLCyuMw==",
            "media_link": "https://storage.googleapis.com/download/storage/v1/b/poc-a3data-365118-function/o/src-3ca8c1440f08750752da4a5e2c2cae33.zip?generation=1665428549228411\u0026alt=media",
            "metadata": null,
            "name": "src-3ca8c1440f08750752da4a5e2c2cae33.zip",
            "output_name": "src-3ca8c1440f08750752da4a5e2c2cae33.zip",
            "self_link": "https://www.googleapis.com/storage/v1/b/poc-a3data-365118-function/o/src-3ca8c1440f08750752da4a5e2c2cae33.zip",
            "source": "/tmp/function.zip",
            "storage_class": "STANDARD",
            "temporary_hold": false,
            "timeouts": null
          },
          "sensitive_attributes": [],
          "private": "eyJlMmJmYjczMC1lY2FhLTExZTYtOGY4OC0zNDM2M2JjN2M0YzAiOnsiY3JlYXRlIjoyNDAwMDAwMDAwMDAsImRlbGV0ZSI6MjQwMDAwMDAwMDAwLCJ1cGRhdGUiOjI0MDAwMDAwMDAwMH19",
          "dependencies": [
            "data.archive_file.source",
            "google_storage_bucket.function_bucket"
          ]
        }
      ]
    }
  ]
}
